
Microsoft Visual Studio Solution File, Format Version 12.00
# Visual Studio 15
VisualStudioVersion = 15.0.27130.2010
MinimumVisualStudioVersion = 10.0.40219.1
Project("{FAE04EC0-301F-11D3-BF4B-00C04F79EFBC}") = "ChangeWindowsUserPassword", "ChangeWindowsUserPassword\ChangeWindowsUserPassword.csproj", "{BD10742D-03D5-4F83-B99A-969D392A3549}"
EndProject
Global
	GlobalSection(SolutionConfigurationPlatforms) = preSolution
		Debug|Any CPU = Debug|Any CPU
		Release|Any CPU = Release|Any CPU
	EndGlobalSection
	GlobalSection(ProjectConfigurationPlatforms) = postSolution
		{BD10742D-03D5-4F83-B99A-969D392A3549}.Debug|Any CPU.ActiveCfg = Debug|Any CPU
		{BD10742D-03D5-4F83-B99A-969D392A3549}.Debug|Any CPU.Build.0 = Debug|Any CPU
		{BD10742D-03D5-4F83-B99A-969D392A3549}.Release|Any CPU.ActiveCfg = Release|Any CPU
		{BD10742D-03D5-4F83-B99A-969D392A3549}.Release|Any CPU.Build.0 = Release|Any CPU
	EndGlobalSection
	GlobalSection(SolutionProperties) = preSolution
		HideSolutionNode = FALSE
	EndGlobalSection
	GlobalSection(ExtensibilityGlobals) = postSolution
		SolutionGuid = {1295238F-E95C-4B5D-9068-64C6F6201972}
	EndGlobalSection
EndGlobal
